
Microsoft Visual Studio Solution File, Format Version 12.00
# Visual Studio Version 17
VisualStudioVersion = 17.10.34916.146
MinimumVisualStudioVersion = 10.0.40219.1
Project("{9A19103F-16F7-4668-BE54-9A1E7A4F7556}") = "Mustache", "Mustache\Mustache.csproj", "{753F0E22-F14E-4852-A269-353ABCD468DC}"
EndProject
Project("{2150E333-8FDC-42A3-9474-1A3956D46DE8}") = "MustacheCs", "MustacheCs", "{0A7378A0-FEA3-43BE-BDB7-CD8158B929B8}"
EndProject
Global
	GlobalSection(SolutionConfigurationPlatforms) = preSolution
		Debug|Any CPU = Debug|Any CPU
		Release|Any CPU = Release|Any CPU
	EndGlobalSection
	GlobalSection(ProjectConfigurationPlatforms) = postSolution
		{753F0E22-F14E-4852-A269-353ABCD468DC}.Debug|Any CPU.ActiveCfg = Debug|Any CPU
		{753F0E22-F14E-4852-A269-353ABCD468DC}.Debug|Any CPU.Build.0 = Debug|Any CPU
		{753F0E22-F14E-4852-A269-353ABCD468DC}.Release|Any CPU.ActiveCfg = Release|Any CPU
		{753F0E22-F14E-4852-A269-353ABCD468DC}.Release|Any CPU.Build.0 = Release|Any CPU
	EndGlobalSection
	GlobalSection(SolutionProperties) = preSolution
		HideSolutionNode = FALSE
	EndGlobalSection
	GlobalSection(NestedProjects) = preSolution
		{753F0E22-F14E-4852-A269-353ABCD468DC} = {0A7378A0-FEA3-43BE-BDB7-CD8158B929B8}
	EndGlobalSection
	GlobalSection(ExtensibilityGlobals) = postSolution
		SolutionGuid = {44A458E6-EC21-40F3-87A5-6658A606CBE0}
	EndGlobalSection
EndGlobal
